
Microsoft Visual Studio Solution File, Format Version 12.00
# Visual Studio Version 17
VisualStudioVersion = 17.5.33530.505
MinimumVisualStudioVersion = 10.0.40219.1
Project("{FAE04EC0-301F-11D3-BF4B-00C04F79EFBC}") = "Ambev", "Ambev\Ambev.csproj", "{393DE921-6E8D-449D-B277-B4B87F222ED4}"
EndProject
Global
	GlobalSection(SolutionConfigurationPlatforms) = preSolution
		Debug|Any CPU = Debug|Any CPU
		Release|Any CPU = Release|Any CPU
	EndGlobalSection
	GlobalSection(ProjectConfigurationPlatforms) = postSolution
		{393DE921-6E8D-449D-B277-B4B87F222ED4}.Debug|Any CPU.ActiveCfg = Debug|Any CPU
		{393DE921-6E8D-449D-B277-B4B87F222ED4}.Debug|Any CPU.Build.0 = Debug|Any CPU
		{393DE921-6E8D-449D-B277-B4B87F222ED4}.Release|Any CPU.ActiveCfg = Release|Any CPU
		{393DE921-6E8D-449D-B277-B4B87F222ED4}.Release|Any CPU.Build.0 = Release|Any CPU
	EndGlobalSection
	GlobalSection(SolutionProperties) = preSolution
		HideSolutionNode = FALSE
	EndGlobalSection
	GlobalSection(ExtensibilityGlobals) = postSolution
		SolutionGuid = {0D7CD862-F9C8-4267-87D3-0D6EF64A37A2}
	EndGlobalSection
EndGlobal
